
Microsoft Visual Studio Solution File, Format Version 12.00
# Visual Studio Version 17
VisualStudioVersion = 17.8.34322.80
MinimumVisualStudioVersion = 10.0.40219.1
Project("{FAE04EC0-301F-11D3-BF4B-00C04F79EFBC}") = "csdm", "csdm\csdm.csproj", "{E3A1A6E1-C832-4EDC-A2FF-D449542A94F9}"
EndProject
Global
	GlobalSection(SolutionConfigurationPlatforms) = preSolution
		Debug|Any CPU = Debug|Any CPU
		Release|Any CPU = Release|Any CPU
	EndGlobalSection
	GlobalSection(ProjectConfigurationPlatforms) = postSolution
		{E3A1A6E1-C832-4EDC-A2FF-D449542A94F9}.Debug|Any CPU.ActiveCfg = Debug|Any CPU
		{E3A1A6E1-C832-4EDC-A2FF-D449542A94F9}.Debug|Any CPU.Build.0 = Debug|Any CPU
		{E3A1A6E1-C832-4EDC-A2FF-D449542A94F9}.Release|Any CPU.ActiveCfg = Release|Any CPU
		{E3A1A6E1-C832-4EDC-A2FF-D449542A94F9}.Release|Any CPU.Build.0 = Release|Any CPU
	EndGlobalSection
	GlobalSection(SolutionProperties) = preSolution
		HideSolutionNode = FALSE
	EndGlobalSection
	GlobalSection(ExtensibilityGlobals) = postSolution
		SolutionGuid = {E5A07E71-D4B4-4E5F-9BCC-C41CD1C018D8}
	EndGlobalSection
EndGlobal
